// !$*UTF8*$!
{
	archiveVersion = 1;
	classes = {
	};
	objectVersion = 50;
	objects = {

/* Begin PBXBuildFile section */
		6C40661522859D4800490640 /* AppDelegate.swift in Sources */ = {isa = PBXBuildFile; fileRef = 6C40661422859D4800490640 /* AppDelegate.swift */; };
		6C40661722859D4800490640 /* ViewController.swift in Sources */ = {isa = PBXBuildFile; fileRef = 6C40661622859D4800490640 /* ViewController.swift */; };
		6C40661A22859D4800490640 /* Main.storyboard in Resources */ = {isa = PBXBuildFile; fileRef = 6C40661822859D4800490640 /* Main.storyboard */; };
		6C40661C22859D4900490640 /* Assets.xcassets in Resources */ = {isa = PBXBuildFile; fileRef = 6C40661B22859D4900490640 /* Assets.xcassets */; };
		6C40661F22859D4900490640 /* LaunchScreen.storyboard in Resources */ = {isa = PBXBuildFile; fileRef = 6C40661D22859D4900490640 /* LaunchScreen.storyboard */; };
		6CE01E5B2285F03C0072494F /* Question.swift in Sources */ = {isa = PBXBuildFile; fileRef = 6CE01E5A2285F03C0072494F /* Question.swift */; };
		6CE01E5D2285F0540072494F /* Model.swift in Sources */ = {isa = PBXBuildFile; fileRef = 6CE01E5C2285F0540072494F /* Model.swift */; };
		6CE01E5F2285F31F0072494F /* QuestionViewController.swift in Sources */ = {isa = PBXBuildFile; fileRef = 6CE01E5E2285F31F0072494F /* QuestionViewController.swift */; };
		6CE4BD0C229427FC00B5809A /* ResultsViewController.swift in Sources */ = {isa = PBXBuildFile; fileRef = 6CE4BD0B229427FC00B5809A /* ResultsViewController.swift */; };
		6CE4BD0E229581F400B5809A /* ModelResult.swift in Sources */ = {isa = PBXBuildFile; fileRef = 6CE4BD0D229581F400B5809A /* ModelResult.swift */; };
		6CE4BD10229585A500B5809A /* Result.swift in Sources */ = {isa = PBXBuildFile; fileRef = 6CE4BD0F229585A500B5809A /* Result.swift */; };
/* End PBXBuildFile section */

/* Begin PBXFileReference section */
		6C40661122859D4800490640 /* Period.app */ = {isa = PBXFileReference; explicitFileType = wrapper.application; includeInIndex = 0; path = Period.app; sourceTree = BUILT_PRODUCTS_DIR; };
		6C40661422859D4800490640 /* AppDelegate.swift */ = {isa = PBXFileReference; lastKnownFileType = sourcecode.swift; path = AppDelegate.swift; sourceTree = "<group>"; };
		6C40661622859D4800490640 /* ViewController.swift */ = {isa = PBXFileReference; lastKnownFileType = sourcecode.swift; path = ViewController.swift; sourceTree = "<group>"; };
		6C40661922859D4800490640 /* Base */ = {isa = PBXFileReference; lastKnownFileType = file.storyboard; name = Base; path = Base.lproj/Main.storyboard; sourceTree = "<group>"; };
		6C40661B22859D4900490640 /* Assets.xcassets */ = {isa = PBXFileReference; lastKnownFileType = folder.assetcatalog; path = Assets.xcassets; sourceTree = "<group>"; };
		6C40661E22859D4900490640 /* Base */ = {isa = PBXFileReference; lastKnownFileType = file.storyboard; name = Base; path = Base.lproj/LaunchScreen.storyboard; sourceTree = "<group>"; };
		6C40662022859D4900490640 /* Info.plist */ = {isa = PBXFileReference; lastKnownFileType = text.plist.xml; path = Info.plist; sourceTree = "<group>"; };
		6CE01E5A2285F03C0072494F /* Question.swift */ = {isa = PBXFileReference; lastKnownFileType = sourcecode.swift; path = Question.swift; sourceTree = "<group>"; };
		6CE01E5C2285F0540072494F /* Model.swift */ = {isa = PBXFileReference; lastKnownFileType = sourcecode.swift; path = Model.swift; sourceTree = "<group>"; };
		6CE01E5E2285F31F0072494F /* QuestionViewController.swift */ = {isa = PBXFileReference; lastKnownFileType = sourcecode.swift; path = QuestionViewController.swift; sourceTree = "<group>"; };
		6CE4BD0B229427FC00B5809A /* ResultsViewController.swift */ = {isa = PBXFileReference; lastKnownFileType = sourcecode.swift; path = ResultsViewController.swift; sourceTree = "<group>"; };
		6CE4BD0D229581F400B5809A /* ModelResult.swift */ = {isa = PBXFileReference; lastKnownFileType = sourcecode.swift; path = ModelResult.swift; sourceTree = "<group>"; };
		6CE4BD0F229585A500B5809A /* Result.swift */ = {isa = PBXFileReference; lastKnownFileType = sourcecode.swift; path = Result.swift; sourceTree = "<group>"; };
/* End PBXFileReference section */

/* Begin PBXFrameworksBuildPhase section */
		6C40660E22859D4800490640 /* Frameworks */ = {
			isa = PBXFrameworksBuildPhase;
			buildActionMask = 2147483647;
			files = (
			);
			runOnlyForDeploymentPostprocessing = 0;
		};
/* End PBXFrameworksBuildPhase section */

/* Begin PBXGroup section */
		6C40660822859D4800490640 = {
			isa = PBXGroup;
			children = (
				6C40661322859D4800490640 /* Period */,
				6C40661222859D4800490640 /* Products */,
			);
			sourceTree = "<group>";
		};
		6C40661222859D4800490640 /* Products */ = {
			isa = PBXGroup;
			children = (
				6C40661122859D4800490640 /* Period.app */,
			);
			name = Products;
			sourceTree = "<group>";
		};
		6C40661322859D4800490640 /* Period */ = {
			isa = PBXGroup;
			children = (
				6C40661422859D4800490640 /* AppDelegate.swift */,
				6C40661622859D4800490640 /* ViewController.swift */,
				6C40661822859D4800490640 /* Main.storyboard */,
				6C40661B22859D4900490640 /* Assets.xcassets */,
				6C40661D22859D4900490640 /* LaunchScreen.storyboard */,
				6C40662022859D4900490640 /* Info.plist */,
				6CE01E5A2285F03C0072494F /* Question.swift */,
				6CE01E5C2285F0540072494F /* Model.swift */,
				6CE01E5E2285F31F0072494F /* QuestionViewController.swift */,
				6CE4BD0B229427FC00B5809A /* ResultsViewController.swift */,
				6CE4BD0D229581F400B5809A /* ModelResult.swift */,
				6CE4BD0F229585A500B5809A /* Result.swift */,
			);
			path = Period;
			sourceTree = "<group>";
		};
/* End PBXGroup section */

/* Begin PBXNativeTarget section */
		6C40661022859D4800490640 /* Period */ = {
			isa = PBXNativeTarget;
			buildConfigurationList = 6C40662322859D4900490640 /* Build configuration list for PBXNativeTarget "Period" */;
			buildPhases = (
				6C40660D22859D4800490640 /* Sources */,
				6C40660E22859D4800490640 /* Frameworks */,
				6C40660F22859D4800490640 /* Resources */,
			);
			buildRules = (
			);
			dependencies = (
			);
			name = Period;
			productName = Period;
			productReference = 6C40661122859D4800490640 /* Period.app */;
			productType = "com.apple.product-type.application";
		};
/* End PBXNativeTarget section */

/* Begin PBXProject section */
		6C40660922859D4800490640 /* Project object */ = {
			isa = PBXProject;
			attributes = {
				LastSwiftUpdateCheck = 1020;
				LastUpgradeCheck = 1020;
				ORGANIZATIONNAME = "Pyettra Ferreira";
				TargetAttributes = {
					6C40661022859D4800490640 = {
						CreatedOnToolsVersion = 10.2.1;
					};
				};
			};
			buildConfigurationList = 6C40660C22859D4800490640 /* Build configuration list for PBXProject "Period" */;
			compatibilityVersion = "Xcode 9.3";
			developmentRegion = en;
			hasScannedForEncodings = 0;
			knownRegions = (
				en,
				Base,
			);
			mainGroup = 6C40660822859D4800490640;
			productRefGroup = 6C40661222859D4800490640 /* Products */;
			projectDirPath = "";
			projectRoot = "";
			targets = (
				6C40661022859D4800490640 /* Period */,
			);
		};
/* End PBXProject section */

/* Begin PBXResourcesBuildPhase section */
		6C40660F22859D4800490640 /* Resources */ = {
			isa = PBXResourcesBuildPhase;
			buildActionMask = 2147483647;
			files = (
				6C40661F22859D4900490640 /* LaunchScreen.storyboard in Resources */,
				6C40661C22859D4900490640 /* Assets.xcassets in Resources */,
				6C40661A22859D4800490640 /* Main.storyboard in Resources */,
			);
			runOnlyForDeploymentPostprocessing = 0;
		};
/* End PBXResourcesBuildPhase section */

/* Begin PBXSourcesBuildPhase section */
		6C40660D22859D4800490640 /* Sources */ = {
			isa = PBXSourcesBuildPhase;
			buildActionMask = 2147483647;
			files = (
				6CE01E5B2285F03C0072494F /* Question.swift in Sources */,
				6CE01E5F2285F31F0072494F /* QuestionViewController.swift in Sources */,
				6C40661722859D4800490640 /* ViewController.swift in Sources */,
				6CE4BD0E229581F400B5809A /* ModelResult.swift in Sources */,
				6C40661522859D4800490640 /* AppDelegate.swift in Sources */,
				6CE01E5D2285F0540072494F /* Model.swift in Sources */,
				6CE4BD10229585A500B5809A /* Result.swift in Sources */,
				6CE4BD0C229427FC00B5809A /* ResultsViewController.swift in Sources */,
			);
			runOnlyForDeploymentPostprocessing = 0;
		};
/* End PBXSourcesBuildPhase section */

/* Begin PBXVariantGroup section */
		6C40661822859D4800490640 /* Main.storyboard */ = {
			isa = PBXVariantGroup;
			children = (
				6C40661922859D4800490640 /* Base */,
			);
			name = Main.storyboard;
			sourceTree = "<group>";
		};
		6C40661D22859D4900490640 /* LaunchScreen.storyboard */ = {
			isa = PBXVariantGroup;
			children = (
				6C40661E22859D4900490640 /* Base */,
			);
			name = LaunchScreen.storyboard;
			sourceTree = "<group>";
		};
/* End PBXVariantGroup section */

/* Begin XCBuildConfiguration section */
		6C40662122859D4900490640 /* Debug */ = {
			isa = XCBuildConfiguration;
			buildSettings = {
				ALWAYS_SEARCH_USER_PATHS = NO;
				CLANG_ANALYZER_NONNULL = YES;
				CLANG_ANALYZER_NUMBER_OBJECT_CONVERSION = YES_AGGRESSIVE;
				CLANG_CXX_LANGUAGE_STANDARD = "gnu++14";
				CLANG_CXX_LIBRARY = "libc++";
				CLANG_ENABLE_MODULES = YES;
				CLANG_ENABLE_OBJC_ARC = YES;
				CLANG_ENABLE_OBJC_WEAK = YES;
				CLANG_WARN_BLOCK_CAPTURE_AUTORELEASING = YES;
				CLANG_WARN_BOOL_CONVERSION = YES;
				CLANG_WARN_COMMA = YES;
				CLANG_WARN_CONSTANT_CONVERSION = YES;
				CLANG_WARN_DEPRECATED_OBJC_IMPLEMENTATIONS = YES;
				CLANG_WARN_DIRECT_OBJC_ISA_USAGE = YES_ERROR;
				CLANG_WARN_DOCUMENTATION_COMMENTS = YES;
				CLANG_WARN_EMPTY_BODY = YES;
				CLANG_WARN_ENUM_CONVERSION = YES;
				CLANG_WARN_INFINITE_RECURSION = YES;
				CLANG_WARN_INT_CONVERSION = YES;
				CLANG_WARN_NON_LITERAL_NULL_CONVERSION = YES;
				CLANG_WARN_OBJC_IMPLICIT_RETAIN_SELF = YES;
				CLANG_WARN_OBJC_LITERAL_CONVERSION = YES;
				CLANG_WARN_OBJC_ROOT_CLASS = YES_ERROR;
				CLANG_WARN_RANGE_LOOP_ANALYSIS = YES;
				CLANG_WARN_STRICT_PROTOTYPES = YES;
				CLANG_WARN_SUSPICIOUS_MOVE = YES;
				CLANG_WARN_UNGUARDED_AVAILABILITY = YES_AGGRESSIVE;
				CLANG_WARN_UNREACHABLE_CODE = YES;
				CLANG_WARN__DUPLICATE_METHOD_MATCH = YES;
				CODE_SIGN_IDENTITY = "iPhone Developer";
				COPY_PHASE_STRIP = NO;
				DEBUG_INFORMATION_FORMAT = dwarf;
				ENABLE_STRICT_OBJC_MSGSEND = YES;
				ENABLE_TESTABILITY = YES;
				GCC_C_LANGUAGE_STANDARD = gnu11;
				GCC_DYNAMIC_NO_PIC = NO;
				GCC_NO_COMMON_BLOCKS = YES;
				GCC_OPTIMIZATION_LEVEL = 0;
				GCC_PREPROCESSOR_DEFINITIONS = (
					"DEBUG=1",
					"$(inherited)",
				);
				GCC_WARN_64_TO_32_BIT_CONVERSION = YES;
				GCC_WARN_ABOUT_RETURN_TYPE = YES_ERROR;
				GCC_WARN_UNDECLARED_SELECTOR = YES;
				GCC_WARN_UNINITIALIZED_AUTOS = YES_AGGRESSIVE;
				GCC_WARN_UNUSED_FUNCTION = YES;
				GCC_WARN_UNUSED_VARIABLE = YES;
				IPHONEOS_DEPLOYMENT_TARGET = 12.2;
				MTL_ENABLE_DEBUG_INFO = INCLUDE_SOURCE;
				MTL_FAST_MATH = YES;
				ONLY_ACTIVE_ARCH = YES;
				SDKROOT = iphoneos;
				SWIFT_ACTIVE_COMPILATION_CONDITIONS = DEBUG;
				SWIFT_OPTIMIZATION_LEVEL = "-Onone";
			};
			name = Debug;
		};
		6C40662222859D4900490640 /* Release */ = {
			isa = XCBuildConfiguration;
			buildSettings = {
				ALWAYS_SEARCH_USER_PATHS = NO;
				CLANG_ANALYZER_NONNULL = YES;
				CLANG_ANALYZER_NUMBER_OBJECT_CONVERSION = YES_AGGRESSIVE;
				CLANG_CXX_LANGUAGE_STANDARD = "gnu++14";
				CLANG_CXX_LIBRARY = "libc++";
				CLANG_ENABLE_MODULES = YES;
				CLANG_ENABLE_OBJC_ARC = YES;
				CLANG_ENABLE_OBJC_WEAK = YES;
				CLANG_WARN_BLOCK_CAPTURE_AUTORELEASING = YES;
				CLANG_WARN_BOOL_CONVERSION = YES;
				CLANG_WARN_COMMA = YES;
				CLANG_WARN_CONSTANT_CONVERSION = YES;
				CLANG_WARN_DEPRECATED_OBJC_IMPLEMENTATIONS = YES;
				CLANG_WARN_DIRECT_OBJC_ISA_USAGE = YES_ERROR;
				CLANG_WARN_DOCUMENTATION_COMMENTS = YES;
				CLANG_WARN_EMPTY_BODY = YES;
				CLANG_WARN_ENUM_CONVERSION = YES;
				CLANG_WARN_INFINITE_RECURSION = YES;
				CLANG_WARN_INT_CONVERSION = YES;
				CLANG_WARN_NON_LITERAL_NULL_CONVERSION = YES;
				CLANG_WARN_OBJC_IMPLICIT_RETAIN_SELF = YES;
				CLANG_WARN_OBJC_LITERAL_CONVERSION = YES;
				CLANG_WARN_OBJC_ROOT_CLASS = YES_ERROR;
				CLANG_WARN_RANGE_LOOP_ANALYSIS = YES;
				CLANG_WARN_STRICT_PROTOTYPES = YES;
				CLANG_WARN_SUSPICIOUS_MOVE = YES;
				CLANG_WARN_UNGUARDED_AVAILABILITY = YES_AGGRESSIVE;
				CLANG_WARN_UNREACHABLE_CODE = YES;
				CLANG_WARN__DUPLICATE_METHOD_MATCH = YES;
				CODE_SIGN_IDENTITY = "iPhone Developer";
				COPY_PHASE_STRIP = NO;
				DEBUG_INFORMATION_FORMAT = "dwarf-with-dsym";
				ENABLE_NS_ASSERTIONS = NO;
				ENABLE_STRICT_OBJC_MSGSEND = YES;
				GCC_C_LANGUAGE_STANDARD = gnu11;
				GCC_NO_COMMON_BLOCKS = YES;
				GCC_WARN_64_TO_32_BIT_CONVERSION = YES;
				GCC_WARN_ABOUT_RETURN_TYPE = YES_ERROR;
				GCC_WARN_UNDECLARED_SELECTOR = YES;
				GCC_WARN_UNINITIALIZED_AUTOS = YES_AGGRESSIVE;
				GCC_WARN_UNUSED_FUNCTION = YES;
				GCC_WARN_UNUSED_VARIABLE = YES;
				IPHONEOS_DEPLOYMENT_TARGET = 12.2;
				MTL_ENABLE_DEBUG_INFO = NO;
				MTL_FAST_MATH = YES;
				SDKROOT = iphoneos;
				SWIFT_COMPILATION_MODE = wholemodule;
				SWIFT_OPTIMIZATION_LEVEL = "-O";
				VALIDATE_PRODUCT = YES;
			};
			name = Release;
		};
		6C40662422859D4900490640 /* Debug */ = {
			isa = XCBuildConfiguration;
			buildSettings = {
				ASSETCATALOG_COMPILER_APPICON_NAME = AppIcon;
				CODE_SIGN_STYLE = Automatic;
				DEVELOPMENT_TEAM = AMXQN329PY;
				INFOPLIST_FILE = Period/Info.plist;
				LD_RUNPATH_SEARCH_PATHS = (
					"$(inherited)",
					"@executable_path/Frameworks",
				);
				PRODUCT_BUNDLE_IDENTIFIER = br.pucpr.Period;
				PRODUCT_NAME = "$(TARGET_NAME)";
				SWIFT_VERSION = 5.0;
				TARGETED_DEVICE_FAMILY = "1,2";
			};
			name = Debug;
		};
		6C40662522859D4900490640 /* Release */ = {
			isa = XCBuildConfiguration;
			buildSettings = {
				ASSETCATALOG_COMPILER_APPICON_NAME = AppIcon;
				CODE_SIGN_STYLE = Automatic;
				DEVELOPMENT_TEAM = AMXQN329PY;
				INFOPLIST_FILE = Period/Info.plist;
				LD_RUNPATH_SEARCH_PATHS = (
					"$(inherited)",
					"@executable_path/Frameworks",
				);
				PRODUCT_BUNDLE_IDENTIFIER = br.pucpr.Period;
				PRODUCT_NAME = "$(TARGET_NAME)";
				SWIFT_VERSION = 5.0;
				TARGETED_DEVICE_FAMILY = "1,2";
			};
			name = Release;
		};
/* End XCBuildConfiguration section */

/* Begin XCConfigurationList section */
		6C40660C22859D4800490640 /* Build configuration list for PBXProject "Period" */ = {
			isa = XCConfigurationList;
			buildConfigurations = (
				6C40662122859D4900490640 /* Debug */,
				6C40662222859D4900490640 /* Release */,
			);
			defaultConfigurationIsVisible = 0;
			defaultConfigurationName = Release;
		};
		6C40662322859D4900490640 /* Build configuration list for PBXNativeTarget "Period" */ = {
			isa = XCConfigurationList;
			buildConfigurations = (
				6C40662422859D4900490640 /* Debug */,
				6C40662522859D4900490640 /* Release */,
			);
			defaultConfigurationIsVisible = 0;
			defaultConfigurationName = Release;
		};
/* End XCConfigurationList section */
	};
	rootObject = 6C40660922859D4800490640 /* Project object */;
}
